
Microsoft Visual Studio Solution File, Format Version 12.00
# Visual Studio Version 17
VisualStudioVersion = 17.9.34723.18
MinimumVisualStudioVersion = 10.0.40219.1
Project("{FAE04EC0-301F-11D3-BF4B-00C04F79EFBC}") = "Assignment Five", "Assignment Five.csproj", "{6066E4B1-D7FB-42A6-BD8F-AB1E4A94D833}"
EndProject
Global
	GlobalSection(SolutionConfigurationPlatforms) = preSolution
		Debug|Any CPU = Debug|Any CPU
		Release|Any CPU = Release|Any CPU
	EndGlobalSection
	GlobalSection(ProjectConfigurationPlatforms) = postSolution
		{6066E4B1-D7FB-42A6-BD8F-AB1E4A94D833}.Debug|Any CPU.ActiveCfg = Debug|Any CPU
		{6066E4B1-D7FB-42A6-BD8F-AB1E4A94D833}.Debug|Any CPU.Build.0 = Debug|Any CPU
		{6066E4B1-D7FB-42A6-BD8F-AB1E4A94D833}.Release|Any CPU.ActiveCfg = Release|Any CPU
		{6066E4B1-D7FB-42A6-BD8F-AB1E4A94D833}.Release|Any CPU.Build.0 = Release|Any CPU
	EndGlobalSection
	GlobalSection(SolutionProperties) = preSolution
		HideSolutionNode = FALSE
	EndGlobalSection
	GlobalSection(ExtensibilityGlobals) = postSolution
		SolutionGuid = {292A1921-1F84-407C-85B8-716460784A79}
	EndGlobalSection
EndGlobal
